Microsoft Visual Studio Solution File, Format Version 11.00
# Visual Studio 2008

Project("{59A8AC07-178B-02F0-7C8E-F9A3FA13760B}") = "CSE455-Salvage", "Assembly-CSharp-vs.csproj", "{CAF8A7D5-D58C-4090-112D-42C011B3991B}"
EndProject
Project("{59A8AC07-178B-02F0-7C8E-F9A3FA13760B}") = "CSE455-Salvage", "Assembly-CSharp-Editor-vs.csproj", "{7F2CE8D3-F0AC-318E-4423-73B729A84643}"
EndProject
Global
	GlobalSection(SolutionConfigurationPlatforms) = preSolution
		Debug|Any CPU = Debug|Any CPU
		Release|Any CPU = Release|Any CPU
	EndGlobalSection
	GlobalSection(ProjectConfigurationPlatforms) = postSolution
		{CAF8A7D5-D58C-4090-112D-42C011B3991B}.Debug|Any CPU.ActiveCfg = Debug|Any CPU
		{CAF8A7D5-D58C-4090-112D-42C011B3991B}.Debug|Any CPU.Build.0 = Debug|Any CPU
		{CAF8A7D5-D58C-4090-112D-42C011B3991B}.Release|Any CPU.ActiveCfg = Release|Any CPU
		{CAF8A7D5-D58C-4090-112D-42C011B3991B}.Release|Any CPU.Build.0 = Release|Any CPU
		{7F2CE8D3-F0AC-318E-4423-73B729A84643}.Debug|Any CPU.ActiveCfg = Debug|Any CPU
		{7F2CE8D3-F0AC-318E-4423-73B729A84643}.Debug|Any CPU.Build.0 = Debug|Any CPU
		{7F2CE8D3-F0AC-318E-4423-73B729A84643}.Release|Any CPU.ActiveCfg = Release|Any CPU
		{7F2CE8D3-F0AC-318E-4423-73B729A84643}.Release|Any CPU.Build.0 = Release|Any CPU
	EndGlobalSection
	GlobalSection(SolutionProperties) = preSolution
		HideSolutionNode = FALSE
	EndGlobalSection
													GlobalSection(MonoDevelopProperties) = preSolution
		StartupItem = Assembly-CSharp.csproj
		Policies = $0
		$0.TextStylePolicy = $1
		$1.inheritsSet = null
		$1.scope = text/x-csharp
		$0.CSharpFormattingPolicy = $2
		$2.inheritsSet = Mono
		$2.inheritsScope = text/x-csharp
		$2.scope = text/x-csharp
		$0.TextStylePolicy = $3
		$3.FileWidth = 120
		$3.TabWidth = 4
		$3.EolMarker = Unix
		$3.inheritsSet = Mono
		$3.inheritsScope = text/plain
		$3.scope = text/plain
	EndGlobalSection

EndGlobal
